
Microsoft Visual Studio Solution File, Format Version 12.00
# Visual Studio Version 16
VisualStudioVersion = 16.0.29326.143
MinimumVisualStudioVersion = 10.0.40219.1
Project("{FAE04EC0-301F-11D3-BF4B-00C04F79EFBC}") = "DotNetDeveloperExercise1", "DotNetDeveloperExercise1\DotNetDeveloperExercise1.csproj", "{52F527D5-5363-4258-A32F-661316DB60EB}"
EndProject
Global
	GlobalSection(SolutionConfigurationPlatforms) = preSolution
		Debug|Any CPU = Debug|Any CPU
		Release|Any CPU = Release|Any CPU
	EndGlobalSection
	GlobalSection(ProjectConfigurationPlatforms) = postSolution
		{52F527D5-5363-4258-A32F-661316DB60EB}.Debug|Any CPU.ActiveCfg = Debug|Any CPU
		{52F527D5-5363-4258-A32F-661316DB60EB}.Debug|Any CPU.Build.0 = Debug|Any CPU
		{52F527D5-5363-4258-A32F-661316DB60EB}.Release|Any CPU.ActiveCfg = Release|Any CPU
		{52F527D5-5363-4258-A32F-661316DB60EB}.Release|Any CPU.Build.0 = Release|Any CPU
	EndGlobalSection
	GlobalSection(SolutionProperties) = preSolution
		HideSolutionNode = FALSE
	EndGlobalSection
	GlobalSection(ExtensibilityGlobals) = postSolution
		SolutionGuid = {35EF36A4-F0D9-429C-AEB3-737D42CC0E2F}
	EndGlobalSection
EndGlobal
